// !$*UTF8*$!
{
	archiveVersion = 1;
	classes = {
	};
	objectVersion = 50;
	objects = {

/* Begin PBXBuildFile section */
		690CCA7A21ACE2D30082B684 /* GLButtonExtension.swift in Sources */ = {isa = PBXBuildFile; fileRef = 690CCA7921ACE2D30082B684 /* GLButtonExtension.swift */; };
		690CCA7C21ACE5480082B684 /* UIFontExtension.swift in Sources */ = {isa = PBXBuildFile; fileRef = 690CCA7B21ACE5480082B684 /* UIFontExtension.swift */; };
		6937601C21F17E7E00EDAEEE /* UIView+GLExtenston.swift in Sources */ = {isa = PBXBuildFile; fileRef = 6937601B21F17E7E00EDAEEE /* UIView+GLExtenston.swift */; };
		6937602021F17EC500EDAEEE /* UIColor+GLExtension.swift in Sources */ = {isa = PBXBuildFile; fileRef = 6937601F21F17EC500EDAEEE /* UIColor+GLExtension.swift */; };
		6937602221F17EEB00EDAEEE /* UIImage+GLExtenston.swift in Sources */ = {isa = PBXBuildFile; fileRef = 6937602121F17EEB00EDAEEE /* UIImage+GLExtenston.swift */; };
		6937602421F17F1000EDAEEE /* UILabel+GLExtension.swift in Sources */ = {isa = PBXBuildFile; fileRef = 6937602321F17F1000EDAEEE /* UILabel+GLExtension.swift */; };
		6937602621F17F3400EDAEEE /* UIButton+GLExtension.swift in Sources */ = {isa = PBXBuildFile; fileRef = 6937602521F17F3400EDAEEE /* UIButton+GLExtension.swift */; };
		6937602821F1D5CA00EDAEEE /* String+GLExtension.swift in Sources */ = {isa = PBXBuildFile; fileRef = 6937602721F1D5CA00EDAEEE /* String+GLExtension.swift */; };
		69FAF95121913B0000E42DE2 /* AppDelegate.swift in Sources */ = {isa = PBXBuildFile; fileRef = 69FAF95021913B0000E42DE2 /* AppDelegate.swift */; };
		69FAF95321913B0000E42DE2 /* ViewController.swift in Sources */ = {isa = PBXBuildFile; fileRef = 69FAF95221913B0000E42DE2 /* ViewController.swift */; };
		69FAF95621913B0000E42DE2 /* Main.storyboard in Resources */ = {isa = PBXBuildFile; fileRef = 69FAF95421913B0000E42DE2 /* Main.storyboard */; };
		69FAF95821913B0D00E42DE2 /* Assets.xcassets in Resources */ = {isa = PBXBuildFile; fileRef = 69FAF95721913B0D00E42DE2 /* Assets.xcassets */; };
		69FAF95B21913B0D00E42DE2 /* LaunchScreen.storyboard in Resources */ = {isa = PBXBuildFile; fileRef = 69FAF95921913B0D00E42DE2 /* LaunchScreen.storyboard */; };
		69FAF96621913B0E00E42DE2 /* GLSwiftProjectTests.swift in Sources */ = {isa = PBXBuildFile; fileRef = 69FAF96521913B0E00E42DE2 /* GLSwiftProjectTests.swift */; };
		69FAF97121913B0E00E42DE2 /* GLSwiftProjectUITests.swift in Sources */ = {isa = PBXBuildFile; fileRef = 69FAF97021913B0E00E42DE2 /* GLSwiftProjectUITests.swift */; };
/* End PBXBuildFile section */

/* Begin PBXContainerItemProxy section */
		69FAF96221913B0E00E42DE2 /* PBXContainerItemProxy */ = {
			isa = PBXContainerItemProxy;
			containerPortal = 69FAF94521913AFF00E42DE2 /* Project object */;
			proxyType = 1;
			remoteGlobalIDString = 69FAF94C21913B0000E42DE2;
			remoteInfo = GLSwiftProject;
		};
		69FAF96D21913B0E00E42DE2 /* PBXContainerItemProxy */ = {
			isa = PBXContainerItemProxy;
			containerPortal = 69FAF94521913AFF00E42DE2 /* Project object */;
			proxyType = 1;
			remoteGlobalIDString = 69FAF94C21913B0000E42DE2;
			remoteInfo = GLSwiftProject;
		};
/* End PBXContainerItemProxy section */

/* Begin PBXFileReference section */
		690CCA7921ACE2D30082B684 /* GLButtonExtension.swift */ = {isa = PBXFileReference; lastKnownFileType = sourcecode.swift; path = GLButtonExtension.swift; sourceTree = "<group>"; };
		690CCA7B21ACE5480082B684 /* UIFontExtension.swift */ = {isa = PBXFileReference; lastKnownFileType = sourcecode.swift; path = UIFontExtension.swift; sourceTree = "<group>"; };
		6937601B21F17E7E00EDAEEE /* UIView+GLExtenston.swift */ = {isa = PBXFileReference; lastKnownFileType = sourcecode.swift; path = "UIView+GLExtenston.swift"; sourceTree = "<group>"; };
		6937601F21F17EC500EDAEEE /* UIColor+GLExtension.swift */ = {isa = PBXFileReference; lastKnownFileType = sourcecode.swift; path = "UIColor+GLExtension.swift"; sourceTree = "<group>"; };
		6937602121F17EEB00EDAEEE /* UIImage+GLExtenston.swift */ = {isa = PBXFileReference; lastKnownFileType = sourcecode.swift; path = "UIImage+GLExtenston.swift"; sourceTree = "<group>"; };
		6937602321F17F1000EDAEEE /* UILabel+GLExtension.swift */ = {isa = PBXFileReference; lastKnownFileType = sourcecode.swift; path = "UILabel+GLExtension.swift"; sourceTree = "<group>"; };
		6937602521F17F3400EDAEEE /* UIButton+GLExtension.swift */ = {isa = PBXFileReference; lastKnownFileType = sourcecode.swift; path = "UIButton+GLExtension.swift"; sourceTree = "<group>"; };
		6937602721F1D5CA00EDAEEE /* String+GLExtension.swift */ = {isa = PBXFileReference; lastKnownFileType = sourcecode.swift; path = "String+GLExtension.swift"; sourceTree = "<group>"; };
		69FAF94D21913B0000E42DE2 /* GLSwiftProject.app */ = {isa = PBXFileReference; explicitFileType = wrapper.application; includeInIndex = 0; path = GLSwiftProject.app; sourceTree = BUILT_PRODUCTS_DIR; };
		69FAF95021913B0000E42DE2 /* AppDelegate.swift */ = {isa = PBXFileReference; lastKnownFileType = sourcecode.swift; path = AppDelegate.swift; sourceTree = "<group>"; };
		69FAF95221913B0000E42DE2 /* ViewController.swift */ = {isa = PBXFileReference; lastKnownFileType = sourcecode.swift; path = ViewController.swift; sourceTree = "<group>"; };
		69FAF95521913B0000E42DE2 /* Base */ = {isa = PBXFileReference; lastKnownFileType = file.storyboard; name = Base; path = Base.lproj/Main.storyboard; sourceTree = "<group>"; };
		69FAF95721913B0D00E42DE2 /* Assets.xcassets */ = {isa = PBXFileReference; lastKnownFileType = folder.assetcatalog; path = Assets.xcassets; sourceTree = "<group>"; };
		69FAF95A21913B0D00E42DE2 /* Base */ = {isa = PBXFileReference; lastKnownFileType = file.storyboard; name = Base; path = Base.lproj/LaunchScreen.storyboard; sourceTree = "<group>"; };
		69FAF95C21913B0D00E42DE2 /* Info.plist */ = {isa = PBXFileReference; lastKnownFileType = text.plist.xml; path = Info.plist; sourceTree = "<group>"; };
		69FAF96121913B0E00E42DE2 /* GLSwiftProjectTests.xctest */ = {isa = PBXFileReference; explicitFileType = wrapper.cfbundle; includeInIndex = 0; path = GLSwiftProjectTests.xctest; sourceTree = BUILT_PRODUCTS_DIR; };
		69FAF96521913B0E00E42DE2 /* GLSwiftProjectTests.swift */ = {isa = PBXFileReference; lastKnownFileType = sourcecode.swift; path = GLSwiftProjectTests.swift; sourceTree = "<group>"; };
		69FAF96721913B0E00E42DE2 /* Info.plist */ = {isa = PBXFileReference; lastKnownFileType = text.plist.xml; path = Info.plist; sourceTree = "<group>"; };
		69FAF96C21913B0E00E42DE2 /* GLSwiftProjectUITests.xctest */ = {isa = PBXFileReference; explicitFileType = wrapper.cfbundle; includeInIndex = 0; path = GLSwiftProjectUITests.xctest; sourceTree = BUILT_PRODUCTS_DIR; };
		69FAF97021913B0E00E42DE2 /* GLSwiftProjectUITests.swift */ = {isa = PBXFileReference; lastKnownFileType = sourcecode.swift; path = GLSwiftProjectUITests.swift; sourceTree = "<group>"; };
		69FAF97221913B0E00E42DE2 /* Info.plist */ = {isa = PBXFileReference; lastKnownFileType = text.plist.xml; path = Info.plist; sourceTree = "<group>"; };
/* End PBXFileReference section */

/* Begin PBXFrameworksBuildPhase section */
		69FAF94A21913B0000E42DE2 /* Frameworks */ = {
			isa = PBXFrameworksBuildPhase;
			buildActionMask = 2147483647;
			files = (
			);
			runOnlyForDeploymentPostprocessing = 0;
		};
		69FAF95E21913B0E00E42DE2 /* Frameworks */ = {
			isa = PBXFrameworksBuildPhase;
			buildActionMask = 2147483647;
			files = (
			);
			runOnlyForDeploymentPostprocessing = 0;
		};
		69FAF96921913B0E00E42DE2 /* Frameworks */ = {
			isa = PBXFrameworksBuildPhase;
			buildActionMask = 2147483647;
			files = (
			);
			runOnlyForDeploymentPostprocessing = 0;
		};
/* End PBXFrameworksBuildPhase section */

/* Begin PBXGroup section */
		6937600D21F16E3D00EDAEEE /* Foundation */ = {
			isa = PBXGroup;
			children = (
				6937602721F1D5CA00EDAEEE /* String+GLExtension.swift */,
			);
			path = Foundation;
			sourceTree = "<group>";
		};
		6937600E21F16EAC00EDAEEE /* UIKit */ = {
			isa = PBXGroup;
			children = (
				6937601B21F17E7E00EDAEEE /* UIView+GLExtenston.swift */,
				6937601F21F17EC500EDAEEE /* UIColor+GLExtension.swift */,
				6937602121F17EEB00EDAEEE /* UIImage+GLExtenston.swift */,
				6937602321F17F1000EDAEEE /* UILabel+GLExtension.swift */,
				6937602521F17F3400EDAEEE /* UIButton+GLExtension.swift */,
			);
			path = UIKit;
			sourceTree = "<group>";
		};
		69FAF94421913AFF00E42DE2 = {
			isa = PBXGroup;
			children = (
				69FAF97E21913B1B00E42DE2 /* GLSwiftProject */,
				69FAF94F21913B0000E42DE2 /* GLSwiftProjectName */,
				69FAF96421913B0E00E42DE2 /* GLSwiftProjectTests */,
				69FAF96F21913B0E00E42DE2 /* GLSwiftProjectUITests */,
				69FAF94E21913B0000E42DE2 /* Products */,
			);
			sourceTree = "<group>";
		};
		69FAF94E21913B0000E42DE2 /* Products */ = {
			isa = PBXGroup;
			children = (
				69FAF94D21913B0000E42DE2 /* GLSwiftProject.app */,
				69FAF96121913B0E00E42DE2 /* GLSwiftProjectTests.xctest */,
				69FAF96C21913B0E00E42DE2 /* GLSwiftProjectUITests.xctest */,
			);
			name = Products;
			sourceTree = "<group>";
		};
		69FAF94F21913B0000E42DE2 /* GLSwiftProjectName */ = {
			isa = PBXGroup;
			children = (
				69FAF95021913B0000E42DE2 /* AppDelegate.swift */,
				69FAF95221913B0000E42DE2 /* ViewController.swift */,
				69FAF95421913B0000E42DE2 /* Main.storyboard */,
				69FAF95721913B0D00E42DE2 /* Assets.xcassets */,
				69FAF95921913B0D00E42DE2 /* LaunchScreen.storyboard */,
				69FAF95C21913B0D00E42DE2 /* Info.plist */,
			);
			path = GLSwiftProjectName;
			sourceTree = "<group>";
		};
		69FAF96421913B0E00E42DE2 /* GLSwiftProjectTests */ = {
			isa = PBXGroup;
			children = (
				69FAF96521913B0E00E42DE2 /* GLSwiftProjectTests.swift */,
				69FAF96721913B0E00E42DE2 /* Info.plist */,
			);
			path = GLSwiftProjectTests;
			sourceTree = "<group>";
		};
		69FAF96F21913B0E00E42DE2 /* GLSwiftProjectUITests */ = {
			isa = PBXGroup;
			children = (
				69FAF97021913B0E00E42DE2 /* GLSwiftProjectUITests.swift */,
				69FAF97221913B0E00E42DE2 /* Info.plist */,
			);
			path = GLSwiftProjectUITests;
			sourceTree = "<group>";
		};
		69FAF97E21913B1B00E42DE2 /* GLSwiftProject */ = {
			isa = PBXGroup;
			children = (
				6937600E21F16EAC00EDAEEE /* UIKit */,
				6937600D21F16E3D00EDAEEE /* Foundation */,
				690CCA7921ACE2D30082B684 /* GLButtonExtension.swift */,
				690CCA7B21ACE5480082B684 /* UIFontExtension.swift */,
			);
			path = GLSwiftProject;
			sourceTree = "<group>";
		};
/* End PBXGroup section */

/* Begin PBXNativeTarget section */
		69FAF94C21913B0000E42DE2 /* GLSwiftProject */ = {
			isa = PBXNativeTarget;
			buildConfigurationList = 69FAF97521913B0E00E42DE2 /* Build configuration list for PBXNativeTarget "GLSwiftProject" */;
			buildPhases = (
				69FAF94921913B0000E42DE2 /* Sources */,
				69FAF94A21913B0000E42DE2 /* Frameworks */,
				69FAF94B21913B0000E42DE2 /* Resources */,
			);
			buildRules = (
			);
			dependencies = (
			);
			name = GLSwiftProject;
			productName = GLSwiftProject;
			productReference = 69FAF94D21913B0000E42DE2 /* GLSwiftProject.app */;
			productType = "com.apple.product-type.application";
		};
		69FAF96021913B0E00E42DE2 /* GLSwiftProjectTests */ = {
			isa = PBXNativeTarget;
			buildConfigurationList = 69FAF97821913B0E00E42DE2 /* Build configuration list for PBXNativeTarget "GLSwiftProjectTests" */;
			buildPhases = (
				69FAF95D21913B0E00E42DE2 /* Sources */,
				69FAF95E21913B0E00E42DE2 /* Frameworks */,
				69FAF95F21913B0E00E42DE2 /* Resources */,
			);
			buildRules = (
			);
			dependencies = (
				69FAF96321913B0E00E42DE2 /* PBXTargetDependency */,
			);
			name = GLSwiftProjectTests;
			productName = GLSwiftProjectTests;
			productReference = 69FAF96121913B0E00E42DE2 /* GLSwiftProjectTests.xctest */;
			productType = "com.apple.product-type.bundle.unit-test";
		};
		69FAF96B21913B0E00E42DE2 /* GLSwiftProjectUITests */ = {
			isa = PBXNativeTarget;
			buildConfigurationList = 69FAF97B21913B0E00E42DE2 /* Build configuration list for PBXNativeTarget "GLSwiftProjectUITests" */;
			buildPhases = (
				69FAF96821913B0E00E42DE2 /* Sources */,
				69FAF96921913B0E00E42DE2 /* Frameworks */,
				69FAF96A21913B0E00E42DE2 /* Resources */,
			);
			buildRules = (
			);
			dependencies = (
				69FAF96E21913B0E00E42DE2 /* PBXTargetDependency */,
			);
			name = GLSwiftProjectUITests;
			productName = GLSwiftProjectUITests;
			productReference = 69FAF96C21913B0E00E42DE2 /* GLSwiftProjectUITests.xctest */;
			productType = "com.apple.product-type.bundle.ui-testing";
		};
/* End PBXNativeTarget section */

/* Begin PBXProject section */
		69FAF94521913AFF00E42DE2 /* Project object */ = {
			isa = PBXProject;
			attributes = {
				LastSwiftUpdateCheck = 1010;
				LastUpgradeCheck = 1010;
				ORGANIZATIONNAME = "郭磊";
				TargetAttributes = {
					69FAF94C21913B0000E42DE2 = {
						CreatedOnToolsVersion = 10.1;
					};
					69FAF96021913B0E00E42DE2 = {
						CreatedOnToolsVersion = 10.1;
						TestTargetID = 69FAF94C21913B0000E42DE2;
					};
					69FAF96B21913B0E00E42DE2 = {
						CreatedOnToolsVersion = 10.1;
						TestTargetID = 69FAF94C21913B0000E42DE2;
					};
				};
			};
			buildConfigurationList = 69FAF94821913AFF00E42DE2 /* Build configuration list for PBXProject "GLSwiftProject" */;
			compatibilityVersion = "Xcode 9.3";
			developmentRegion = en;
			hasScannedForEncodings = 0;
			knownRegions = (
				en,
				Base,
			);
			mainGroup = 69FAF94421913AFF00E42DE2;
			productRefGroup = 69FAF94E21913B0000E42DE2 /* Products */;
			projectDirPath = "";
			projectRoot = "";
			targets = (
				69FAF94C21913B0000E42DE2 /* GLSwiftProject */,
				69FAF96021913B0E00E42DE2 /* GLSwiftProjectTests */,
				69FAF96B21913B0E00E42DE2 /* GLSwiftProjectUITests */,
			);
		};
/* End PBXProject section */

/* Begin PBXResourcesBuildPhase section */
		69FAF94B21913B0000E42DE2 /* Resources */ = {
			isa = PBXResourcesBuildPhase;
			buildActionMask = 2147483647;
			files = (
				69FAF95B21913B0D00E42DE2 /* LaunchScreen.storyboard in Resources */,
				69FAF95821913B0D00E42DE2 /* Assets.xcassets in Resources */,
				69FAF95621913B0000E42DE2 /* Main.storyboard in Resources */,
			);
			runOnlyForDeploymentPostprocessing = 0;
		};
		69FAF95F21913B0E00E42DE2 /* Resources */ = {
			isa = PBXResourcesBuildPhase;
			buildActionMask = 2147483647;
			files = (
			);
			runOnlyForDeploymentPostprocessing = 0;
		};
		69FAF96A21913B0E00E42DE2 /* Resources */ = {
			isa = PBXResourcesBuildPhase;
			buildActionMask = 2147483647;
			files = (
			);
			runOnlyForDeploymentPostprocessing = 0;
		};
/* End PBXResourcesBuildPhase section */

/* Begin PBXSourcesBuildPhase section */
		69FAF94921913B0000E42DE2 /* Sources */ = {
			isa = PBXSourcesBuildPhase;
			buildActionMask = 2147483647;
			files = (
				6937602821F1D5CA00EDAEEE /* String+GLExtension.swift in Sources */,
				6937602021F17EC500EDAEEE /* UIColor+GLExtension.swift in Sources */,
				690CCA7C21ACE5480082B684 /* UIFontExtension.swift in Sources */,
				6937602421F17F1000EDAEEE /* UILabel+GLExtension.swift in Sources */,
				69FAF95321913B0000E42DE2 /* ViewController.swift in Sources */,
				6937601C21F17E7E00EDAEEE /* UIView+GLExtenston.swift in Sources */,
				69FAF95121913B0000E42DE2 /* AppDelegate.swift in Sources */,
				6937602621F17F3400EDAEEE /* UIButton+GLExtension.swift in Sources */,
				6937602221F17EEB00EDAEEE /* UIImage+GLExtenston.swift in Sources */,
				690CCA7A21ACE2D30082B684 /* GLButtonExtension.swift in Sources */,
			);
			runOnlyForDeploymentPostprocessing = 0;
		};
		69FAF95D21913B0E00E42DE2 /* Sources */ = {
			isa = PBXSourcesBuildPhase;
			buildActionMask = 2147483647;
			files = (
				69FAF96621913B0E00E42DE2 /* GLSwiftProjectTests.swift in Sources */,
			);
			runOnlyForDeploymentPostprocessing = 0;
		};
		69FAF96821913B0E00E42DE2 /* Sources */ = {
			isa = PBXSourcesBuildPhase;
			buildActionMask = 2147483647;
			files = (
				69FAF97121913B0E00E42DE2 /* GLSwiftProjectUITests.swift in Sources */,
			);
			runOnlyForDeploymentPostprocessing = 0;
		};
/* End PBXSourcesBuildPhase section */

/* Begin PBXTargetDependency section */
		69FAF96321913B0E00E42DE2 /* PBXTargetDependency */ = {
			isa = PBXTargetDependency;
			target = 69FAF94C21913B0000E42DE2 /* GLSwiftProject */;
			targetProxy = 69FAF96221913B0E00E42DE2 /* PBXContainerItemProxy */;
		};
		69FAF96E21913B0E00E42DE2 /* PBXTargetDependency */ = {
			isa = PBXTargetDependency;
			target = 69FAF94C21913B0000E42DE2 /* GLSwiftProject */;
			targetProxy = 69FAF96D21913B0E00E42DE2 /* PBXContainerItemProxy */;
		};
/* End PBXTargetDependency section */

/* Begin PBXVariantGroup section */
		69FAF95421913B0000E42DE2 /* Main.storyboard */ = {
			isa = PBXVariantGroup;
			children = (
				69FAF95521913B0000E42DE2 /* Base */,
			);
			name = Main.storyboard;
			sourceTree = "<group>";
		};
		69FAF95921913B0D00E42DE2 /* LaunchScreen.storyboard */ = {
			isa = PBXVariantGroup;
			children = (
				69FAF95A21913B0D00E42DE2 /* Base */,
			);
			name = LaunchScreen.storyboard;
			sourceTree = "<group>";
		};
/* End PBXVariantGroup section */

/* Begin XCBuildConfiguration section */
		69FAF97321913B0E00E42DE2 /* Debug */ = {
			isa = XCBuildConfiguration;
			buildSettings = {
				ALWAYS_SEARCH_USER_PATHS = NO;
				CLANG_ANALYZER_NONNULL = YES;
				CLANG_ANALYZER_NUMBER_OBJECT_CONVERSION = YES_AGGRESSIVE;
				CLANG_CXX_LANGUAGE_STANDARD = "gnu++14";
				CLANG_CXX_LIBRARY = "libc++";
				CLANG_ENABLE_MODULES = YES;
				CLANG_ENABLE_OBJC_ARC = YES;
				CLANG_ENABLE_OBJC_WEAK = YES;
				CLANG_WARN_BLOCK_CAPTURE_AUTORELEASING = YES;
				CLANG_WARN_BOOL_CONVERSION = YES;
				CLANG_WARN_COMMA = YES;
				CLANG_WARN_CONSTANT_CONVERSION = YES;
				CLANG_WARN_DEPRECATED_OBJC_IMPLEMENTATIONS = YES;
				CLANG_WARN_DIRECT_OBJC_ISA_USAGE = YES_ERROR;
				CLANG_WARN_DOCUMENTATION_COMMENTS = YES;
				CLANG_WARN_EMPTY_BODY = YES;
				CLANG_WARN_ENUM_CONVERSION = YES;
				CLANG_WARN_INFINITE_RECURSION = YES;
				CLANG_WARN_INT_CONVERSION = YES;
				CLANG_WARN_NON_LITERAL_NULL_CONVERSION = YES;
				CLANG_WARN_OBJC_IMPLICIT_RETAIN_SELF = YES;
				CLANG_WARN_OBJC_LITERAL_CONVERSION = YES;
				CLANG_WARN_OBJC_ROOT_CLASS = YES_ERROR;
				CLANG_WARN_RANGE_LOOP_ANALYSIS = YES;
				CLANG_WARN_STRICT_PROTOTYPES = YES;
				CLANG_WARN_SUSPICIOUS_MOVE = YES;
				CLANG_WARN_UNGUARDED_AVAILABILITY = YES_AGGRESSIVE;
				CLANG_WARN_UNREACHABLE_CODE = YES;
				CLANG_WARN__DUPLICATE_METHOD_MATCH = YES;
				CODE_SIGN_IDENTITY = "iPhone Developer";
				COPY_PHASE_STRIP = NO;
				DEBUG_INFORMATION_FORMAT = dwarf;
				ENABLE_STRICT_OBJC_MSGSEND = YES;
				ENABLE_TESTABILITY = YES;
				GCC_C_LANGUAGE_STANDARD = gnu11;
				GCC_DYNAMIC_NO_PIC = NO;
				GCC_NO_COMMON_BLOCKS = YES;
				GCC_OPTIMIZATION_LEVEL = 0;
				GCC_PREPROCESSOR_DEFINITIONS = (
					"DEBUG=1",
					"$(inherited)",
				);
				GCC_WARN_64_TO_32_BIT_CONVERSION = YES;
				GCC_WARN_ABOUT_RETURN_TYPE = YES_ERROR;
				GCC_WARN_UNDECLARED_SELECTOR = YES;
				GCC_WARN_UNINITIALIZED_AUTOS = YES_AGGRESSIVE;
				GCC_WARN_UNUSED_FUNCTION = YES;
				GCC_WARN_UNUSED_VARIABLE = YES;
				IPHONEOS_DEPLOYMENT_TARGET = 12.1;
				MTL_ENABLE_DEBUG_INFO = INCLUDE_SOURCE;
				MTL_FAST_MATH = YES;
				ONLY_ACTIVE_ARCH = YES;
				SDKROOT = iphoneos;
				SWIFT_ACTIVE_COMPILATION_CONDITIONS = DEBUG;
				SWIFT_OPTIMIZATION_LEVEL = "-Onone";
			};
			name = Debug;
		};
		69FAF97421913B0E00E42DE2 /* Release */ = {
			isa = XCBuildConfiguration;
			buildSettings = {
				ALWAYS_SEARCH_USER_PATHS = NO;
				CLANG_ANALYZER_NONNULL = YES;
				CLANG_ANALYZER_NUMBER_OBJECT_CONVERSION = YES_AGGRESSIVE;
				CLANG_CXX_LANGUAGE_STANDARD = "gnu++14";
				CLANG_CXX_LIBRARY = "libc++";
				CLANG_ENABLE_MODULES = YES;
				CLANG_ENABLE_OBJC_ARC = YES;
				CLANG_ENABLE_OBJC_WEAK = YES;
				CLANG_WARN_BLOCK_CAPTURE_AUTORELEASING = YES;
				CLANG_WARN_BOOL_CONVERSION = YES;
				CLANG_WARN_COMMA = YES;
				CLANG_WARN_CONSTANT_CONVERSION = YES;
				CLANG_WARN_DEPRECATED_OBJC_IMPLEMENTATIONS = YES;
				CLANG_WARN_DIRECT_OBJC_ISA_USAGE = YES_ERROR;
				CLANG_WARN_DOCUMENTATION_COMMENTS = YES;
				CLANG_WARN_EMPTY_BODY = YES;
				CLANG_WARN_ENUM_CONVERSION = YES;
				CLANG_WARN_INFINITE_RECURSION = YES;
				CLANG_WARN_INT_CONVERSION = YES;
				CLANG_WARN_NON_LITERAL_NULL_CONVERSION = YES;
				CLANG_WARN_OBJC_IMPLICIT_RETAIN_SELF = YES;
				CLANG_WARN_OBJC_LITERAL_CONVERSION = YES;
				CLANG_WARN_OBJC_ROOT_CLASS = YES_ERROR;
				CLANG_WARN_RANGE_LOOP_ANALYSIS = YES;
				CLANG_WARN_STRICT_PROTOTYPES = YES;
				CLANG_WARN_SUSPICIOUS_MOVE = YES;
				CLANG_WARN_UNGUARDED_AVAILABILITY = YES_AGGRESSIVE;
				CLANG_WARN_UNREACHABLE_CODE = YES;
				CLANG_WARN__DUPLICATE_METHOD_MATCH = YES;
				CODE_SIGN_IDENTITY = "iPhone Developer";
				COPY_PHASE_STRIP = NO;
				DEBUG_INFORMATION_FORMAT = "dwarf-with-dsym";
				ENABLE_NS_ASSERTIONS = NO;
				ENABLE_STRICT_OBJC_MSGSEND = YES;
				GCC_C_LANGUAGE_STANDARD = gnu11;
				GCC_NO_COMMON_BLOCKS = YES;
				GCC_WARN_64_TO_32_BIT_CONVERSION = YES;
				GCC_WARN_ABOUT_RETURN_TYPE = YES_ERROR;
				GCC_WARN_UNDECLARED_SELECTOR = YES;
				GCC_WARN_UNINITIALIZED_AUTOS = YES_AGGRESSIVE;
				GCC_WARN_UNUSED_FUNCTION = YES;
				GCC_WARN_UNUSED_VARIABLE = YES;
				IPHONEOS_DEPLOYMENT_TARGET = 12.1;
				MTL_ENABLE_DEBUG_INFO = NO;
				MTL_FAST_MATH = YES;
				SDKROOT = iphoneos;
				SWIFT_COMPILATION_MODE = wholemodule;
				SWIFT_OPTIMIZATION_LEVEL = "-O";
				VALIDATE_PRODUCT = YES;
			};
			name = Release;
		};
		69FAF97621913B0E00E42DE2 /* Debug */ = {
			isa = XCBuildConfiguration;
			buildSettings = {
				ASSETCATALOG_COMPILER_APPICON_NAME = AppIcon;
				CODE_SIGN_STYLE = Automatic;
				DEVELOPMENT_TEAM = M2C8D4TY42;
				INFOPLIST_FILE = GLSwiftProject/Info.plist;
				LD_RUNPATH_SEARCH_PATHS = (
					"$(inherited)",
					"@executable_path/Frameworks",
				);
				PRODUCT_BUNDLE_IDENTIFIER = gl.GLSwiftProject;
				PRODUCT_NAME = "$(TARGET_NAME)";
				SWIFT_VERSION = 4.2;
				TARGETED_DEVICE_FAMILY = "1,2";
			};
			name = Debug;
		};
		69FAF97721913B0E00E42DE2 /* Release */ = {
			isa = XCBuildConfiguration;
			buildSettings = {
				ASSETCATALOG_COMPILER_APPICON_NAME = AppIcon;
				CODE_SIGN_STYLE = Automatic;
				DEVELOPMENT_TEAM = M2C8D4TY42;
				INFOPLIST_FILE = GLSwiftProject/Info.plist;
				LD_RUNPATH_SEARCH_PATHS = (
					"$(inherited)",
					"@executable_path/Frameworks",
				);
				PRODUCT_BUNDLE_IDENTIFIER = gl.GLSwiftProject;
				PRODUCT_NAME = "$(TARGET_NAME)";
				SWIFT_VERSION = 4.2;
				TARGETED_DEVICE_FAMILY = "1,2";
			};
			name = Release;
		};
		69FAF97921913B0E00E42DE2 /* Debug */ = {
			isa = XCBuildConfiguration;
			buildSettings = {
				ALWAYS_EMBED_SWIFT_STANDARD_LIBRARIES = YES;
				BUNDLE_LOADER = "$(TEST_HOST)";
				CODE_SIGN_STYLE = Automatic;
				DEVELOPMENT_TEAM = M2C8D4TY42;
				INFOPLIST_FILE = GLSwiftProjectTests/Info.plist;
				LD_RUNPATH_SEARCH_PATHS = (
					"$(inherited)",
					"@executable_path/Frameworks",
					"@loader_path/Frameworks",
				);
				PRODUCT_BUNDLE_IDENTIFIER = gl.GLSwiftProjectTests;
				PRODUCT_NAME = "$(TARGET_NAME)";
				SWIFT_VERSION = 4.2;
				TARGETED_DEVICE_FAMILY = "1,2";
				TEST_HOST = "$(BUILT_PRODUCTS_DIR)/GLSwiftProject.app/GLSwiftProject";
			};
			name = Debug;
		};
		69FAF97A21913B0E00E42DE2 /* Release */ = {
			isa = XCBuildConfiguration;
			buildSettings = {
				ALWAYS_EMBED_SWIFT_STANDARD_LIBRARIES = YES;
				BUNDLE_LOADER = "$(TEST_HOST)";
				CODE_SIGN_STYLE = Automatic;
				DEVELOPMENT_TEAM = M2C8D4TY42;
				INFOPLIST_FILE = GLSwiftProjectTests/Info.plist;
				LD_RUNPATH_SEARCH_PATHS = (
					"$(inherited)",
					"@executable_path/Frameworks",
					"@loader_path/Frameworks",
				);
				PRODUCT_BUNDLE_IDENTIFIER = gl.GLSwiftProjectTests;
				PRODUCT_NAME = "$(TARGET_NAME)";
				SWIFT_VERSION = 4.2;
				TARGETED_DEVICE_FAMILY = "1,2";
				TEST_HOST = "$(BUILT_PRODUCTS_DIR)/GLSwiftProject.app/GLSwiftProject";
			};
			name = Release;
		};
		69FAF97C21913B0E00E42DE2 /* Debug */ = {
			isa = XCBuildConfiguration;
			buildSettings = {
				ALWAYS_EMBED_SWIFT_STANDARD_LIBRARIES = YES;
				CODE_SIGN_STYLE = Automatic;
				DEVELOPMENT_TEAM = M2C8D4TY42;
				INFOPLIST_FILE = GLSwiftProjectUITests/Info.plist;
				LD_RUNPATH_SEARCH_PATHS = (
					"$(inherited)",
					"@executable_path/Frameworks",
					"@loader_path/Frameworks",
				);
				PRODUCT_BUNDLE_IDENTIFIER = gl.GLSwiftProjectUITests;
				PRODUCT_NAME = "$(TARGET_NAME)";
				SWIFT_VERSION = 4.2;
				TARGETED_DEVICE_FAMILY = "1,2";
				TEST_TARGET_NAME = GLSwiftProject;
			};
			name = Debug;
		};
		69FAF97D21913B0E00E42DE2 /* Release */ = {
			isa = XCBuildConfiguration;
			buildSettings = {
				ALWAYS_EMBED_SWIFT_STANDARD_LIBRARIES = YES;
				CODE_SIGN_STYLE = Automatic;
				DEVELOPMENT_TEAM = M2C8D4TY42;
				INFOPLIST_FILE = GLSwiftProjectUITests/Info.plist;
				LD_RUNPATH_SEARCH_PATHS = (
					"$(inherited)",
					"@executable_path/Frameworks",
					"@loader_path/Frameworks",
				);
				PRODUCT_BUNDLE_IDENTIFIER = gl.GLSwiftProjectUITests;
				PRODUCT_NAME = "$(TARGET_NAME)";
				SWIFT_VERSION = 4.2;
				TARGETED_DEVICE_FAMILY = "1,2";
				TEST_TARGET_NAME = GLSwiftProject;
			};
			name = Release;
		};
/* End XCBuildConfiguration section */

/* Begin XCConfigurationList section */
		69FAF94821913AFF00E42DE2 /* Build configuration list for PBXProject "GLSwiftProject" */ = {
			isa = XCConfigurationList;
			buildConfigurations = (
				69FAF97321913B0E00E42DE2 /* Debug */,
				69FAF97421913B0E00E42DE2 /* Release */,
			);
			defaultConfigurationIsVisible = 0;
			defaultConfigurationName = Release;
		};
		69FAF97521913B0E00E42DE2 /* Build configuration list for PBXNativeTarget "GLSwiftProject" */ = {
			isa = XCConfigurationList;
			buildConfigurations = (
				69FAF97621913B0E00E42DE2 /* Debug */,
				69FAF97721913B0E00E42DE2 /* Release */,
			);
			defaultConfigurationIsVisible = 0;
			defaultConfigurationName = Release;
		};
		69FAF97821913B0E00E42DE2 /* Build configuration list for PBXNativeTarget "GLSwiftProjectTests" */ = {
			isa = XCConfigurationList;
			buildConfigurations = (
				69FAF97921913B0E00E42DE2 /* Debug */,
				69FAF97A21913B0E00E42DE2 /* Release */,
			);
			defaultConfigurationIsVisible = 0;
			defaultConfigurationName = Release;
		};
		69FAF97B21913B0E00E42DE2 /* Build configuration list for PBXNativeTarget "GLSwiftProjectUITests" */ = {
			isa = XCConfigurationList;
			buildConfigurations = (
				69FAF97C21913B0E00E42DE2 /* Debug */,
				69FAF97D21913B0E00E42DE2 /* Release */,
			);
			defaultConfigurationIsVisible = 0;
			defaultConfigurationName = Release;
		};
/* End XCConfigurationList section */
	};
	rootObject = 69FAF94521913AFF00E42DE2 /* Project object */;
}
